
Microsoft Visual Studio Solution File, Format Version 12.00
# Visual Studio 15
VisualStudioVersion = 15.0.27004.2009
MinimumVisualStudioVersion = 10.0.40219.1
Project("{FAE04EC0-301F-11D3-BF4B-00C04F79EFBC}") = "ikheiry", "ikheiry\ikheiry.csproj", "{4B461AD3-830B-41A0-BDD2-C46775FEFE8C}"
EndProject
Global
	GlobalSection(SolutionConfigurationPlatforms) = preSolution
		Debug|Any CPU = Debug|Any CPU
		Release|Any CPU = Release|Any CPU
	EndGlobalSection
	GlobalSection(ProjectConfigurationPlatforms) = postSolution
		{4B461AD3-830B-41A0-BDD2-C46775FEFE8C}.Debug|Any CPU.ActiveCfg = Debug|Any CPU
		{4B461AD3-830B-41A0-BDD2-C46775FEFE8C}.Debug|Any CPU.Build.0 = Debug|Any CPU
		{4B461AD3-830B-41A0-BDD2-C46775FEFE8C}.Release|Any CPU.ActiveCfg = Release|Any CPU
		{4B461AD3-830B-41A0-BDD2-C46775FEFE8C}.Release|Any CPU.Build.0 = Release|Any CPU
	EndGlobalSection
	GlobalSection(SolutionProperties) = preSolution
		HideSolutionNode = FALSE
	EndGlobalSection
	GlobalSection(ExtensibilityGlobals) = postSolution
		SolutionGuid = {63674543-236B-4D75-9CCF-9B3E8FA2BD98}
	EndGlobalSection
EndGlobal
